// !$*UTF8*$!
{
	archiveVersion = 1;
	classes = {
	};
	objectVersion = 50;
	objects = {

/* Begin PBXBuildFile section */
		97028F65239DFCA900FD4789 /* ScoringViewController.swift in Sources */ = {isa = PBXBuildFile; fileRef = 97028F64239DFCA900FD4789 /* ScoringViewController.swift */; };
		97073349239EA4C700F1B805 /* TermsViewController.swift in Sources */ = {isa = PBXBuildFile; fileRef = 97073348239EA4C700F1B805 /* TermsViewController.swift */; };
		9707334D239EA68400F1B805 /* Definition.swift in Sources */ = {isa = PBXBuildFile; fileRef = 9707334C239EA68400F1B805 /* Definition.swift */; };
		9707334F239EACAA00F1B805 /* TermDetailViewController.swift in Sources */ = {isa = PBXBuildFile; fileRef = 9707334E239EACAA00F1B805 /* TermDetailViewController.swift */; };
		975E7495238F65DF0079F68E /* AppDelegate.swift in Sources */ = {isa = PBXBuildFile; fileRef = 975E7494238F65DF0079F68E /* AppDelegate.swift */; };
		975E7497238F65DF0079F68E /* SceneDelegate.swift in Sources */ = {isa = PBXBuildFile; fileRef = 975E7496238F65DF0079F68E /* SceneDelegate.swift */; };
		975E7499238F65DF0079F68E /* ViewController.swift in Sources */ = {isa = PBXBuildFile; fileRef = 975E7498238F65DF0079F68E /* ViewController.swift */; };
		975E749C238F65DF0079F68E /* Main.storyboard in Resources */ = {isa = PBXBuildFile; fileRef = 975E749A238F65DF0079F68E /* Main.storyboard */; };
		975E749E238F65E30079F68E /* Assets.xcassets in Resources */ = {isa = PBXBuildFile; fileRef = 975E749D238F65E30079F68E /* Assets.xcassets */; };
		975E74A1238F65E30079F68E /* LaunchScreen.storyboard in Resources */ = {isa = PBXBuildFile; fileRef = 975E749F238F65E30079F68E /* LaunchScreen.storyboard */; };
/* End PBXBuildFile section */

/* Begin PBXFileReference section */
		97028F64239DFCA900FD4789 /* ScoringViewController.swift */ = {isa = PBXFileReference; lastKnownFileType = sourcecode.swift; path = ScoringViewController.swift; sourceTree = "<group>"; };
		97073348239EA4C700F1B805 /* TermsViewController.swift */ = {isa = PBXFileReference; lastKnownFileType = sourcecode.swift; path = TermsViewController.swift; sourceTree = "<group>"; };
		9707334C239EA68400F1B805 /* Definition.swift */ = {isa = PBXFileReference; lastKnownFileType = sourcecode.swift; path = Definition.swift; sourceTree = "<group>"; };
		9707334E239EACAA00F1B805 /* TermDetailViewController.swift */ = {isa = PBXFileReference; lastKnownFileType = sourcecode.swift; path = TermDetailViewController.swift; sourceTree = "<group>"; };
		975E7491238F65DF0079F68E /* PlayBall.app */ = {isa = PBXFileReference; explicitFileType = wrapper.application; includeInIndex = 0; path = PlayBall.app; sourceTree = BUILT_PRODUCTS_DIR; };
		975E7494238F65DF0079F68E /* AppDelegate.swift */ = {isa = PBXFileReference; lastKnownFileType = sourcecode.swift; path = AppDelegate.swift; sourceTree = "<group>"; };
		975E7496238F65DF0079F68E /* SceneDelegate.swift */ = {isa = PBXFileReference; lastKnownFileType = sourcecode.swift; path = SceneDelegate.swift; sourceTree = "<group>"; };
		975E7498238F65DF0079F68E /* ViewController.swift */ = {isa = PBXFileReference; lastKnownFileType = sourcecode.swift; path = ViewController.swift; sourceTree = "<group>"; };
		975E749B238F65DF0079F68E /* Base */ = {isa = PBXFileReference; lastKnownFileType = file.storyboard; name = Base; path = Base.lproj/Main.storyboard; sourceTree = "<group>"; };
		975E749D238F65E30079F68E /* Assets.xcassets */ = {isa = PBXFileReference; lastKnownFileType = folder.assetcatalog; path = Assets.xcassets; sourceTree = "<group>"; };
		975E74A0238F65E30079F68E /* Base */ = {isa = PBXFileReference; lastKnownFileType = file.storyboard; name = Base; path = Base.lproj/LaunchScreen.storyboard; sourceTree = "<group>"; };
		975E74A2238F65E30079F68E /* Info.plist */ = {isa = PBXFileReference; lastKnownFileType = text.plist.xml; path = Info.plist; sourceTree = "<group>"; };
/* End PBXFileReference section */

/* Begin PBXFrameworksBuildPhase section */
		975E748E238F65DF0079F68E /* Frameworks */ = {
			isa = PBXFrameworksBuildPhase;
			buildActionMask = 2147483647;
			files = (
			);
			runOnlyForDeploymentPostprocessing = 0;
		};
/* End PBXFrameworksBuildPhase section */

/* Begin PBXGroup section */
		975E7488238F65DF0079F68E = {
			isa = PBXGroup;
			children = (
				975E7493238F65DF0079F68E /* PlayBall */,
				975E7492238F65DF0079F68E /* Products */,
			);
			sourceTree = "<group>";
		};
		975E7492238F65DF0079F68E /* Products */ = {
			isa = PBXGroup;
			children = (
				975E7491238F65DF0079F68E /* PlayBall.app */,
			);
			name = Products;
			sourceTree = "<group>";
		};
		975E7493238F65DF0079F68E /* PlayBall */ = {
			isa = PBXGroup;
			children = (
				975E7494238F65DF0079F68E /* AppDelegate.swift */,
				975E7496238F65DF0079F68E /* SceneDelegate.swift */,
				9707334C239EA68400F1B805 /* Definition.swift */,
				9707334E239EACAA00F1B805 /* TermDetailViewController.swift */,
				97073348239EA4C700F1B805 /* TermsViewController.swift */,
				97028F64239DFCA900FD4789 /* ScoringViewController.swift */,
				975E7498238F65DF0079F68E /* ViewController.swift */,
				975E749A238F65DF0079F68E /* Main.storyboard */,
				975E749D238F65E30079F68E /* Assets.xcassets */,
				975E749F238F65E30079F68E /* LaunchScreen.storyboard */,
				975E74A2238F65E30079F68E /* Info.plist */,
			);
			path = PlayBall;
			sourceTree = "<group>";
		};
/* End PBXGroup section */

/* Begin PBXNativeTarget section */
		975E7490238F65DF0079F68E /* PlayBall */ = {
			isa = PBXNativeTarget;
			buildConfigurationList = 975E74A5238F65E30079F68E /* Build configuration list for PBXNativeTarget "PlayBall" */;
			buildPhases = (
				975E748D238F65DF0079F68E /* Sources */,
				975E748E238F65DF0079F68E /* Frameworks */,
				975E748F238F65DF0079F68E /* Resources */,
			);
			buildRules = (
			);
			dependencies = (
			);
			name = PlayBall;
			productName = PlayBall;
			productReference = 975E7491238F65DF0079F68E /* PlayBall.app */;
			productType = "com.apple.product-type.application";
		};
/* End PBXNativeTarget section */

/* Begin PBXProject section */
		975E7489238F65DF0079F68E /* Project object */ = {
			isa = PBXProject;
			attributes = {
				LastSwiftUpdateCheck = 1120;
				LastUpgradeCheck = 1120;
				ORGANIZATIONNAME = "Kim-An Quinn";
				TargetAttributes = {
					975E7490238F65DF0079F68E = {
						CreatedOnToolsVersion = 11.2.1;
					};
				};
			};
			buildConfigurationList = 975E748C238F65DF0079F68E /* Build configuration list for PBXProject "PlayBall" */;
			compatibilityVersion = "Xcode 9.3";
			developmentRegion = en;
			hasScannedForEncodings = 0;
			knownRegions = (
				en,
				Base,
			);
			mainGroup = 975E7488238F65DF0079F68E;
			productRefGroup = 975E7492238F65DF0079F68E /* Products */;
			projectDirPath = "";
			projectRoot = "";
			targets = (
				975E7490238F65DF0079F68E /* PlayBall */,
			);
		};
/* End PBXProject section */

/* Begin PBXResourcesBuildPhase section */
		975E748F238F65DF0079F68E /* Resources */ = {
			isa = PBXResourcesBuildPhase;
			buildActionMask = 2147483647;
			files = (
				975E74A1238F65E30079F68E /* LaunchScreen.storyboard in Resources */,
				975E749E238F65E30079F68E /* Assets.xcassets in Resources */,
				975E749C238F65DF0079F68E /* Main.storyboard in Resources */,
			);
			runOnlyForDeploymentPostprocessing = 0;
		};
/* End PBXResourcesBuildPhase section */

/* Begin PBXSourcesBuildPhase section */
		975E748D238F65DF0079F68E /* Sources */ = {
			isa = PBXSourcesBuildPhase;
			buildActionMask = 2147483647;
			files = (
				975E7499238F65DF0079F68E /* ViewController.swift in Sources */,
				975E7495238F65DF0079F68E /* AppDelegate.swift in Sources */,
				9707334F239EACAA00F1B805 /* TermDetailViewController.swift in Sources */,
				97028F65239DFCA900FD4789 /* ScoringViewController.swift in Sources */,
				975E7497238F65DF0079F68E /* SceneDelegate.swift in Sources */,
				9707334D239EA68400F1B805 /* Definition.swift in Sources */,
				97073349239EA4C700F1B805 /* TermsViewController.swift in Sources */,
			);
			runOnlyForDeploymentPostprocessing = 0;
		};
/* End PBXSourcesBuildPhase section */

/* Begin PBXVariantGroup section */
		975E749A238F65DF0079F68E /* Main.storyboard */ = {
			isa = PBXVariantGroup;
			children = (
				975E749B238F65DF0079F68E /* Base */,
			);
			name = Main.storyboard;
			sourceTree = "<group>";
		};
		975E749F238F65E30079F68E /* LaunchScreen.storyboard */ = {
			isa = PBXVariantGroup;
			children = (
				975E74A0238F65E30079F68E /* Base */,
			);
			name = LaunchScreen.storyboard;
			sourceTree = "<group>";
		};
/* End PBXVariantGroup section */

/* Begin XCBuildConfiguration section */
		975E74A3238F65E30079F68E /* Debug */ = {
			isa = XCBuildConfiguration;
			buildSettings = {
				ALWAYS_SEARCH_USER_PATHS = NO;
				CLANG_ANALYZER_NONNULL = YES;
				CLANG_ANALYZER_NUMBER_OBJECT_CONVERSION = YES_AGGRESSIVE;
				CLANG_CXX_LANGUAGE_STANDARD = "gnu++14";
				CLANG_CXX_LIBRARY = "libc++";
				CLANG_ENABLE_MODULES = YES;
				CLANG_ENABLE_OBJC_ARC = YES;
				CLANG_ENABLE_OBJC_WEAK = YES;
				CLANG_WARN_BLOCK_CAPTURE_AUTORELEASING = YES;
				CLANG_WARN_BOOL_CONVERSION = YES;
				CLANG_WARN_COMMA = YES;
				CLANG_WARN_CONSTANT_CONVERSION = YES;
				CLANG_WARN_DEPRECATED_OBJC_IMPLEMENTATIONS = YES;
				CLANG_WARN_DIRECT_OBJC_ISA_USAGE = YES_ERROR;
				CLANG_WARN_DOCUMENTATION_COMMENTS = YES;
				CLANG_WARN_EMPTY_BODY = YES;
				CLANG_WARN_ENUM_CONVERSION = YES;
				CLANG_WARN_INFINITE_RECURSION = YES;
				CLANG_WARN_INT_CONVERSION = YES;
				CLANG_WARN_NON_LITERAL_NULL_CONVERSION = YES;
				CLANG_WARN_OBJC_IMPLICIT_RETAIN_SELF = YES;
				CLANG_WARN_OBJC_LITERAL_CONVERSION = YES;
				CLANG_WARN_OBJC_ROOT_CLASS = YES_ERROR;
				CLANG_WARN_RANGE_LOOP_ANALYSIS = YES;
				CLANG_WARN_STRICT_PROTOTYPES = YES;
				CLANG_WARN_SUSPICIOUS_MOVE = YES;
				CLANG_WARN_UNGUARDED_AVAILABILITY = YES_AGGRESSIVE;
				CLANG_WARN_UNREACHABLE_CODE = YES;
				CLANG_WARN__DUPLICATE_METHOD_MATCH = YES;
				COPY_PHASE_STRIP = NO;
				DEBUG_INFORMATION_FORMAT = dwarf;
				ENABLE_STRICT_OBJC_MSGSEND = YES;
				ENABLE_TESTABILITY = YES;
				GCC_C_LANGUAGE_STANDARD = gnu11;
				GCC_DYNAMIC_NO_PIC = NO;
				GCC_NO_COMMON_BLOCKS = YES;
				GCC_OPTIMIZATION_LEVEL = 0;
				GCC_PREPROCESSOR_DEFINITIONS = (
					"DEBUG=1",
					"$(inherited)",
				);
				GCC_WARN_64_TO_32_BIT_CONVERSION = YES;
				GCC_WARN_ABOUT_RETURN_TYPE = YES_ERROR;
				GCC_WARN_UNDECLARED_SELECTOR = YES;
				GCC_WARN_UNINITIALIZED_AUTOS = YES_AGGRESSIVE;
				GCC_WARN_UNUSED_FUNCTION = YES;
				GCC_WARN_UNUSED_VARIABLE = YES;
				IPHONEOS_DEPLOYMENT_TARGET = 13.2;
				MTL_ENABLE_DEBUG_INFO = INCLUDE_SOURCE;
				MTL_FAST_MATH = YES;
				ONLY_ACTIVE_ARCH = YES;
				SDKROOT = iphoneos;
				SWIFT_ACTIVE_COMPILATION_CONDITIONS = DEBUG;
				SWIFT_OPTIMIZATION_LEVEL = "-Onone";
			};
			name = Debug;
		};
		975E74A4238F65E30079F68E /* Release */ = {
			isa = XCBuildConfiguration;
			buildSettings = {
				ALWAYS_SEARCH_USER_PATHS = NO;
				CLANG_ANALYZER_NONNULL = YES;
				CLANG_ANALYZER_NUMBER_OBJECT_CONVERSION = YES_AGGRESSIVE;
				CLANG_CXX_LANGUAGE_STANDARD = "gnu++14";
				CLANG_CXX_LIBRARY = "libc++";
				CLANG_ENABLE_MODULES = YES;
				CLANG_ENABLE_OBJC_ARC = YES;
				CLANG_ENABLE_OBJC_WEAK = YES;
				CLANG_WARN_BLOCK_CAPTURE_AUTORELEASING = YES;
				CLANG_WARN_BOOL_CONVERSION = YES;
				CLANG_WARN_COMMA = YES;
				CLANG_WARN_CONSTANT_CONVERSION = YES;
				CLANG_WARN_DEPRECATED_OBJC_IMPLEMENTATIONS = YES;
				CLANG_WARN_DIRECT_OBJC_ISA_USAGE = YES_ERROR;
				CLANG_WARN_DOCUMENTATION_COMMENTS = YES;
				CLANG_WARN_EMPTY_BODY = YES;
				CLANG_WARN_ENUM_CONVERSION = YES;
				CLANG_WARN_INFINITE_RECURSION = YES;
				CLANG_WARN_INT_CONVERSION = YES;
				CLANG_WARN_NON_LITERAL_NULL_CONVERSION = YES;
				CLANG_WARN_OBJC_IMPLICIT_RETAIN_SELF = YES;
				CLANG_WARN_OBJC_LITERAL_CONVERSION = YES;
				CLANG_WARN_OBJC_ROOT_CLASS = YES_ERROR;
				CLANG_WARN_RANGE_LOOP_ANALYSIS = YES;
				CLANG_WARN_STRICT_PROTOTYPES = YES;
				CLANG_WARN_SUSPICIOUS_MOVE = YES;
				CLANG_WARN_UNGUARDED_AVAILABILITY = YES_AGGRESSIVE;
				CLANG_WARN_UNREACHABLE_CODE = YES;
				CLANG_WARN__DUPLICATE_METHOD_MATCH = YES;
				COPY_PHASE_STRIP = NO;
				DEBUG_INFORMATION_FORMAT = "dwarf-with-dsym";
				ENABLE_NS_ASSERTIONS = NO;
				ENABLE_STRICT_OBJC_MSGSEND = YES;
				GCC_C_LANGUAGE_STANDARD = gnu11;
				GCC_NO_COMMON_BLOCKS = YES;
				GCC_WARN_64_TO_32_BIT_CONVERSION = YES;
				GCC_WARN_ABOUT_RETURN_TYPE = YES_ERROR;
				GCC_WARN_UNDECLARED_SELECTOR = YES;
				GCC_WARN_UNINITIALIZED_AUTOS = YES_AGGRESSIVE;
				GCC_WARN_UNUSED_FUNCTION = YES;
				GCC_WARN_UNUSED_VARIABLE = YES;
				IPHONEOS_DEPLOYMENT_TARGET = 13.2;
				MTL_ENABLE_DEBUG_INFO = NO;
				MTL_FAST_MATH = YES;
				SDKROOT = iphoneos;
				SWIFT_COMPILATION_MODE = wholemodule;
				SWIFT_OPTIMIZATION_LEVEL = "-O";
				VALIDATE_PRODUCT = YES;
			};
			name = Release;
		};
		975E74A6238F65E30079F68E /* Debug */ = {
			isa = XCBuildConfiguration;
			buildSettings = {
				ASSETCATALOG_COMPILER_APPICON_NAME = AppIcon;
				CODE_SIGN_STYLE = Automatic;
				DEVELOPMENT_TEAM = UDHL4J42MU;
				INFOPLIST_FILE = PlayBall/Info.plist;
				IPHONEOS_DEPLOYMENT_TARGET = 13.0;
				LD_RUNPATH_SEARCH_PATHS = (
					"$(inherited)",
					"@executable_path/Frameworks",
				);
				PRODUCT_BUNDLE_IDENTIFIER = com.quinn.PlayBall;
				PRODUCT_NAME = "$(TARGET_NAME)";
				SWIFT_VERSION = 5.0;
				TARGETED_DEVICE_FAMILY = "1,2";
			};
			name = Debug;
		};
		975E74A7238F65E30079F68E /* Release */ = {
			isa = XCBuildConfiguration;
			buildSettings = {
				ASSETCATALOG_COMPILER_APPICON_NAME = AppIcon;
				CODE_SIGN_STYLE = Automatic;
				DEVELOPMENT_TEAM = UDHL4J42MU;
				INFOPLIST_FILE = PlayBall/Info.plist;
				IPHONEOS_DEPLOYMENT_TARGET = 13.0;
				LD_RUNPATH_SEARCH_PATHS = (
					"$(inherited)",
					"@executable_path/Frameworks",
				);
				PRODUCT_BUNDLE_IDENTIFIER = com.quinn.PlayBall;
				PRODUCT_NAME = "$(TARGET_NAME)";
				SWIFT_VERSION = 5.0;
				TARGETED_DEVICE_FAMILY = "1,2";
			};
			name = Release;
		};
/* End XCBuildConfiguration section */

/* Begin XCConfigurationList section */
		975E748C238F65DF0079F68E /* Build configuration list for PBXProject "PlayBall" */ = {
			isa = XCConfigurationList;
			buildConfigurations = (
				975E74A3238F65E30079F68E /* Debug */,
				975E74A4238F65E30079F68E /* Release */,
			);
			defaultConfigurationIsVisible = 0;
			defaultConfigurationName = Release;
		};
		975E74A5238F65E30079F68E /* Build configuration list for PBXNativeTarget "PlayBall" */ = {
			isa = XCConfigurationList;
			buildConfigurations = (
				975E74A6238F65E30079F68E /* Debug */,
				975E74A7238F65E30079F68E /* Release */,
			);
			defaultConfigurationIsVisible = 0;
			defaultConfigurationName = Release;
		};
/* End XCConfigurationList section */
	};
	rootObject = 975E7489238F65DF0079F68E /* Project object */;
}
